// !$*UTF8*$!
{
	archiveVersion = 1;
	classes = {
	};
	objectVersion = 56;
	objects = {

/* Begin PBXBuildFile section */
		858415E30EB7F8EA80CD9996 /* Pods_JBecerraEcommerce.framework in Frameworks */ = {isa = PBXBuildFile; fileRef = 826EAF61867BA5C23CB1EF46 /* Pods_JBecerraEcommerce.framework */; };
		EB0AE26C2A042F42009F0B21 /* AlumnoViewModel.swift in Sources */ = {isa = PBXBuildFile; fileRef = EB0AE26B2A042F42009F0B21 /* AlumnoViewModel.swift */; };
		EB1B422C2A0EA97E005C053C /* iOSDropDown.framework in Frameworks */ = {isa = PBXBuildFile; fileRef = EB1B422A2A0DAE22005C053C /* iOSDropDown.framework */; };
		EB21C35E29FAEEA50060A3BA /* AppDelegate.swift in Sources */ = {isa = PBXBuildFile; fileRef = EB21C35D29FAEEA50060A3BA /* AppDelegate.swift */; };
		EB21C36029FAEEA50060A3BA /* SceneDelegate.swift in Sources */ = {isa = PBXBuildFile; fileRef = EB21C35F29FAEEA50060A3BA /* SceneDelegate.swift */; };
		EB21C36229FAEEA50060A3BA /* FormController.swift in Sources */ = {isa = PBXBuildFile; fileRef = EB21C36129FAEEA50060A3BA /* FormController.swift */; };
		EB21C36529FAEEA50060A3BA /* Main.storyboard in Resources */ = {isa = PBXBuildFile; fileRef = EB21C36329FAEEA50060A3BA /* Main.storyboard */; };
		EB21C36729FAEEA70060A3BA /* Assets.xcassets in Resources */ = {isa = PBXBuildFile; fileRef = EB21C36629FAEEA70060A3BA /* Assets.xcassets */; };
		EB21C36A29FAEEA70060A3BA /* LaunchScreen.storyboard in Resources */ = {isa = PBXBuildFile; fileRef = EB21C36829FAEEA70060A3BA /* LaunchScreen.storyboard */; };
		EB21C37229FC50120060A3BA /* DBManager.swift in Sources */ = {isa = PBXBuildFile; fileRef = EB21C37129FC50120060A3BA /* DBManager.swift */; };
		EB21C37429FC51100060A3BA /* Alumno.swift in Sources */ = {isa = PBXBuildFile; fileRef = EB21C37329FC51100060A3BA /* Alumno.swift */; };
		EB21C3762A0177060060A3BA /* Result.swift in Sources */ = {isa = PBXBuildFile; fileRef = EB21C3752A0177060060A3BA /* Result.swift */; };
		EB21C3782A02DA230060A3BA /* GetAllAlumnoController.swift in Sources */ = {isa = PBXBuildFile; fileRef = EB21C3772A02DA230060A3BA /* GetAllAlumnoController.swift */; };
		EB21C37B2A02E4FB0060A3BA /* AlumnoCell.swift in Sources */ = {isa = PBXBuildFile; fileRef = EB21C3792A02E4FB0060A3BA /* AlumnoCell.swift */; };
		EB21C37C2A02E4FB0060A3BA /* AlumnoCell.xib in Resources */ = {isa = PBXBuildFile; fileRef = EB21C37A2A02E4FB0060A3BA /* AlumnoCell.xib */; };
		EBFC27282A0C041700E72333 /* RolGetAllController.swift in Sources */ = {isa = PBXBuildFile; fileRef = EBFC27272A0C041700E72333 /* RolGetAllController.swift */; };
/* End PBXBuildFile section */

/* Begin PBXFileReference section */
		335972A494F8D8EF4860F601 /* Pods-JBecerraEcommerce.release.xcconfig */ = {isa = PBXFileReference; includeInIndex = 1; lastKnownFileType = text.xcconfig; name = "Pods-JBecerraEcommerce.release.xcconfig"; path = "Target Support Files/Pods-JBecerraEcommerce/Pods-JBecerraEcommerce.release.xcconfig"; sourceTree = "<group>"; };
		59746168BB84EF6B2C72BB42 /* Pods-JBecerraEcommerce.debug.xcconfig */ = {isa = PBXFileReference; includeInIndex = 1; lastKnownFileType = text.xcconfig; name = "Pods-JBecerraEcommerce.debug.xcconfig"; path = "Target Support Files/Pods-JBecerraEcommerce/Pods-JBecerraEcommerce.debug.xcconfig"; sourceTree = "<group>"; };
		826EAF61867BA5C23CB1EF46 /* Pods_JBecerraEcommerce.framework */ = {isa = PBXFileReference; explicitFileType = wrapper.framework; includeInIndex = 0; path = Pods_JBecerraEcommerce.framework; sourceTree = BUILT_PRODUCTS_DIR; };
		EB0AE26B2A042F42009F0B21 /* AlumnoViewModel.swift */ = {isa = PBXFileReference; lastKnownFileType = sourcecode.swift; path = AlumnoViewModel.swift; sourceTree = "<group>"; };
		EB1B422A2A0DAE22005C053C /* iOSDropDown.framework */ = {isa = PBXFileReference; explicitFileType = wrapper.framework; path = iOSDropDown.framework; sourceTree = BUILT_PRODUCTS_DIR; };
		EB21C35A29FAEEA50060A3BA /* JBecerraEcommerce.app */ = {isa = PBXFileReference; explicitFileType = wrapper.application; includeInIndex = 0; path = JBecerraEcommerce.app; sourceTree = BUILT_PRODUCTS_DIR; };
		EB21C35D29FAEEA50060A3BA /* AppDelegate.swift */ = {isa = PBXFileReference; lastKnownFileType = sourcecode.swift; path = AppDelegate.swift; sourceTree = "<group>"; };
		EB21C35F29FAEEA50060A3BA /* SceneDelegate.swift */ = {isa = PBXFileReference; lastKnownFileType = sourcecode.swift; path = SceneDelegate.swift; sourceTree = "<group>"; };
		EB21C36129FAEEA50060A3BA /* FormController.swift */ = {isa = PBXFileReference; lastKnownFileType = sourcecode.swift; path = FormController.swift; sourceTree = "<group>"; };
		EB21C36429FAEEA50060A3BA /* Base */ = {isa = PBXFileReference; lastKnownFileType = file.storyboard; name = Base; path = Base.lproj/Main.storyboard; sourceTree = "<group>"; };
		EB21C36629FAEEA70060A3BA /* Assets.xcassets */ = {isa = PBXFileReference; lastKnownFileType = folder.assetcatalog; path = Assets.xcassets; sourceTree = "<group>"; };
		EB21C36929FAEEA70060A3BA /* Base */ = {isa = PBXFileReference; lastKnownFileType = file.storyboard; name = Base; path = Base.lproj/LaunchScreen.storyboard; sourceTree = "<group>"; };
		EB21C36B29FAEEA70060A3BA /* Info.plist */ = {isa = PBXFileReference; lastKnownFileType = text.plist.xml; path = Info.plist; sourceTree = "<group>"; };
		EB21C37129FC50120060A3BA /* DBManager.swift */ = {isa = PBXFileReference; lastKnownFileType = sourcecode.swift; path = DBManager.swift; sourceTree = "<group>"; };
		EB21C37329FC51100060A3BA /* Alumno.swift */ = {isa = PBXFileReference; lastKnownFileType = sourcecode.swift; path = Alumno.swift; sourceTree = "<group>"; };
		EB21C3752A0177060060A3BA /* Result.swift */ = {isa = PBXFileReference; lastKnownFileType = sourcecode.swift; path = Result.swift; sourceTree = "<group>"; };
		EB21C3772A02DA230060A3BA /* GetAllAlumnoController.swift */ = {isa = PBXFileReference; lastKnownFileType = sourcecode.swift; path = GetAllAlumnoController.swift; sourceTree = "<group>"; };
		EB21C3792A02E4FB0060A3BA /* AlumnoCell.swift */ = {isa = PBXFileReference; lastKnownFileType = sourcecode.swift; path = AlumnoCell.swift; sourceTree = "<group>"; };
		EB21C37A2A02E4FB0060A3BA /* AlumnoCell.xib */ = {isa = PBXFileReference; lastKnownFileType = file.xib; path = AlumnoCell.xib; sourceTree = "<group>"; };
		EBF767EC2A0DAA1F006E8478 /* DropDown.framework */ = {isa = PBXFileReference; explicitFileType = wrapper.framework; path = DropDown.framework; sourceTree = BUILT_PRODUCTS_DIR; };
		EBFC27272A0C041700E72333 /* RolGetAllController.swift */ = {isa = PBXFileReference; lastKnownFileType = sourcecode.swift; path = RolGetAllController.swift; sourceTree = "<group>"; };
		EBFC27292A0DA7C800E72333 /* DropDown.framework */ = {isa = PBXFileReference; explicitFileType = wrapper.framework; path = DropDown.framework; sourceTree = BUILT_PRODUCTS_DIR; };
/* End PBXFileReference section */

/* Begin PBXFrameworksBuildPhase section */
		EB21C35729FAEEA50060A3BA /* Frameworks */ = {
			isa = PBXFrameworksBuildPhase;
			buildActionMask = 2147483647;
			files = (
				858415E30EB7F8EA80CD9996 /* Pods_JBecerraEcommerce.framework in Frameworks */,
				EB1B422C2A0EA97E005C053C /* iOSDropDown.framework in Frameworks */,
			);
			runOnlyForDeploymentPostprocessing = 0;
		};
/* End PBXFrameworksBuildPhase section */

/* Begin PBXGroup section */
		523FBFD10DA2560204D8A4AA /* Pods */ = {
			isa = PBXGroup;
			children = (
				59746168BB84EF6B2C72BB42 /* Pods-JBecerraEcommerce.debug.xcconfig */,
				335972A494F8D8EF4860F601 /* Pods-JBecerraEcommerce.release.xcconfig */,
			);
			path = Pods;
			sourceTree = "<group>";
		};
		86FB391997CECEBFF9CAA32F /* Frameworks */ = {
			isa = PBXGroup;
			children = (
				EB1B422A2A0DAE22005C053C /* iOSDropDown.framework */,
				EBF767EC2A0DAA1F006E8478 /* DropDown.framework */,
				EBFC27292A0DA7C800E72333 /* DropDown.framework */,
				826EAF61867BA5C23CB1EF46 /* Pods_JBecerraEcommerce.framework */,
			);
			name = Frameworks;
			sourceTree = "<group>";
		};
		EB0AE2662A042E22009F0B21 /* Model */ = {
			isa = PBXGroup;
			children = (
				EB21C37329FC51100060A3BA /* Alumno.swift */,
				EB21C3752A0177060060A3BA /* Result.swift */,
			);
			path = Model;
			sourceTree = "<group>";
		};
		EB0AE2672A042E2D009F0B21 /* View */ = {
			isa = PBXGroup;
			children = (
				EB0AE26D2A042FD5009F0B21 /* Alumno */,
				EB21C36329FAEEA50060A3BA /* Main.storyboard */,
				EB21C36829FAEEA70060A3BA /* LaunchScreen.storyboard */,
			);
			path = View;
			sourceTree = "<group>";
		};
		EB0AE2682A042E35009F0B21 /* ViewModel */ = {
			isa = PBXGroup;
			children = (
				EB0AE26B2A042F42009F0B21 /* AlumnoViewModel.swift */,
			);
			path = ViewModel;
			sourceTree = "<group>";
		};
		EB0AE2692A042E46009F0B21 /* Controller */ = {
			isa = PBXGroup;
			children = (
				EB0AE26E2A042FFD009F0B21 /* Alumno */,
				EBFC27272A0C041700E72333 /* RolGetAllController.swift */,
			);
			path = Controller;
			sourceTree = "<group>";
		};
		EB0AE26A2A042EBC009F0B21 /* Util */ = {
			isa = PBXGroup;
			children = (
				EB21C37129FC50120060A3BA /* DBManager.swift */,
			);
			path = Util;
			sourceTree = "<group>";
		};
		EB0AE26D2A042FD5009F0B21 /* Alumno */ = {
			isa = PBXGroup;
			children = (
				EB21C3792A02E4FB0060A3BA /* AlumnoCell.swift */,
				EB21C37A2A02E4FB0060A3BA /* AlumnoCell.xib */,
			);
			path = Alumno;
			sourceTree = "<group>";
		};
		EB0AE26E2A042FFD009F0B21 /* Alumno */ = {
			isa = PBXGroup;
			children = (
				EB21C36129FAEEA50060A3BA /* FormController.swift */,
				EB21C3772A02DA230060A3BA /* GetAllAlumnoController.swift */,
			);
			path = Alumno;
			sourceTree = "<group>";
		};
		EB21C35129FAEEA50060A3BA = {
			isa = PBXGroup;
			children = (
				EB21C35C29FAEEA50060A3BA /* JBecerraEcommerce */,
				EB21C35B29FAEEA50060A3BA /* Products */,
				523FBFD10DA2560204D8A4AA /* Pods */,
				86FB391997CECEBFF9CAA32F /* Frameworks */,
			);
			sourceTree = "<group>";
		};
		EB21C35B29FAEEA50060A3BA /* Products */ = {
			isa = PBXGroup;
			children = (
				EB21C35A29FAEEA50060A3BA /* JBecerraEcommerce.app */,
			);
			name = Products;
			sourceTree = "<group>";
		};
		EB21C35C29FAEEA50060A3BA /* JBecerraEcommerce */ = {
			isa = PBXGroup;
			children = (
				EB0AE26A2A042EBC009F0B21 /* Util */,
				EB0AE2692A042E46009F0B21 /* Controller */,
				EB0AE2682A042E35009F0B21 /* ViewModel */,
				EB0AE2672A042E2D009F0B21 /* View */,
				EB0AE2662A042E22009F0B21 /* Model */,
				EB21C35D29FAEEA50060A3BA /* AppDelegate.swift */,
				EB21C35F29FAEEA50060A3BA /* SceneDelegate.swift */,
				EB21C36629FAEEA70060A3BA /* Assets.xcassets */,
				EB21C36B29FAEEA70060A3BA /* Info.plist */,
			);
			path = JBecerraEcommerce;
			sourceTree = "<group>";
		};
/* End PBXGroup section */

/* Begin PBXNativeTarget section */
		EB21C35929FAEEA50060A3BA /* JBecerraEcommerce */ = {
			isa = PBXNativeTarget;
			buildConfigurationList = EB21C36E29FAEEA70060A3BA /* Build configuration list for PBXNativeTarget "JBecerraEcommerce" */;
			buildPhases = (
				920023BC53A96D446F89BE0F /* [CP] Check Pods Manifest.lock */,
				EB21C35629FAEEA50060A3BA /* Sources */,
				EB21C35729FAEEA50060A3BA /* Frameworks */,
				EB21C35829FAEEA50060A3BA /* Resources */,
				60FD7792CFB8C7FD95A18CFE /* [CP] Embed Pods Frameworks */,
			);
			buildRules = (
			);
			dependencies = (
			);
			name = JBecerraEcommerce;
			productName = JBecerraEcommerce;
			productReference = EB21C35A29FAEEA50060A3BA /* JBecerraEcommerce.app */;
			productType = "com.apple.product-type.application";
		};
/* End PBXNativeTarget section */

/* Begin PBXProject section */
		EB21C35229FAEEA50060A3BA /* Project object */ = {
			isa = PBXProject;
			attributes = {
				BuildIndependentTargetsInParallel = 1;
				LastSwiftUpdateCheck = 1420;
				LastUpgradeCheck = 1420;
				TargetAttributes = {
					EB21C35929FAEEA50060A3BA = {
						CreatedOnToolsVersion = 14.2;
					};
				};
			};
			buildConfigurationList = EB21C35529FAEEA50060A3BA /* Build configuration list for PBXProject "JBecerraEcommerce" */;
			compatibilityVersion = "Xcode 14.0";
			developmentRegion = en;
			hasScannedForEncodings = 0;
			knownRegions = (
				en,
				Base,
			);
			mainGroup = EB21C35129FAEEA50060A3BA;
			productRefGroup = EB21C35B29FAEEA50060A3BA /* Products */;
			projectDirPath = "";
			projectRoot = "";
			targets = (
				EB21C35929FAEEA50060A3BA /* JBecerraEcommerce */,
			);
		};
/* End PBXProject section */

/* Begin PBXResourcesBuildPhase section */
		EB21C35829FAEEA50060A3BA /* Resources */ = {
			isa = PBXResourcesBuildPhase;
			buildActionMask = 2147483647;
			files = (
				EB21C36A29FAEEA70060A3BA /* LaunchScreen.storyboard in Resources */,
				EB21C36729FAEEA70060A3BA /* Assets.xcassets in Resources */,
				EB21C36529FAEEA50060A3BA /* Main.storyboard in Resources */,
				EB21C37C2A02E4FB0060A3BA /* AlumnoCell.xib in Resources */,
			);
			runOnlyForDeploymentPostprocessing = 0;
		};
/* End PBXResourcesBuildPhase section */

/* Begin PBXShellScriptBuildPhase section */
		60FD7792CFB8C7FD95A18CFE /* [CP] Embed Pods Frameworks */ = {
			isa = PBXShellScriptBuildPhase;
			buildActionMask = 2147483647;
			files = (
			);
			inputFileListPaths = (
				"${PODS_ROOT}/Target Support Files/Pods-JBecerraEcommerce/Pods-JBecerraEcommerce-frameworks-${CONFIGURATION}-input-files.xcfilelist",
			);
			name = "[CP] Embed Pods Frameworks";
			outputFileListPaths = (
				"${PODS_ROOT}/Target Support Files/Pods-JBecerraEcommerce/Pods-JBecerraEcommerce-frameworks-${CONFIGURATION}-output-files.xcfilelist",
			);
			runOnlyForDeploymentPostprocessing = 0;
			shellPath = /bin/sh;
			shellScript = "\"${PODS_ROOT}/Target Support Files/Pods-JBecerraEcommerce/Pods-JBecerraEcommerce-frameworks.sh\"\n";
			showEnvVarsInLog = 0;
		};
		920023BC53A96D446F89BE0F /* [CP] Check Pods Manifest.lock */ = {
			isa = PBXShellScriptBuildPhase;
			buildActionMask = 2147483647;
			files = (
			);
			inputFileListPaths = (
			);
			inputPaths = (
				"${PODS_PODFILE_DIR_PATH}/Podfile.lock",
				"${PODS_ROOT}/Manifest.lock",
			);
			name = "[CP] Check Pods Manifest.lock";
			outputFileListPaths = (
			);
			outputPaths = (
				"$(DERIVED_FILE_DIR)/Pods-JBecerraEcommerce-checkManifestLockResult.txt",
			);
			runOnlyForDeploymentPostprocessing = 0;
			shellPath = /bin/sh;
			shellScript = "diff \"${PODS_PODFILE_DIR_PATH}/Podfile.lock\" \"${PODS_ROOT}/Manifest.lock\" > /dev/null\nif [ $? != 0 ] ; then\n    # print error to STDERR\n    echo \"error: The sandbox is not in sync with the Podfile.lock. Run 'pod install' or update your CocoaPods installation.\" >&2\n    exit 1\nfi\n# This output is used by Xcode 'outputs' to avoid re-running this script phase.\necho \"SUCCESS\" > \"${SCRIPT_OUTPUT_FILE_0}\"\n";
			showEnvVarsInLog = 0;
		};
/* End PBXShellScriptBuildPhase section */

/* Begin PBXSourcesBuildPhase section */
		EB21C35629FAEEA50060A3BA /* Sources */ = {
			isa = PBXSourcesBuildPhase;
			buildActionMask = 2147483647;
			files = (
				EB21C3762A0177060060A3BA /* Result.swift in Sources */,
				EB21C36229FAEEA50060A3BA /* FormController.swift in Sources */,
				EB0AE26C2A042F42009F0B21 /* AlumnoViewModel.swift in Sources */,
				EB21C3782A02DA230060A3BA /* GetAllAlumnoController.swift in Sources */,
				EBFC27282A0C041700E72333 /* RolGetAllController.swift in Sources */,
				EB21C37429FC51100060A3BA /* Alumno.swift in Sources */,
				EB21C35E29FAEEA50060A3BA /* AppDelegate.swift in Sources */,
				EB21C36029FAEEA50060A3BA /* SceneDelegate.swift in Sources */,
				EB21C37229FC50120060A3BA /* DBManager.swift in Sources */,
				EB21C37B2A02E4FB0060A3BA /* AlumnoCell.swift in Sources */,
			);
			runOnlyForDeploymentPostprocessing = 0;
		};
/* End PBXSourcesBuildPhase section */

/* Begin PBXVariantGroup section */
		EB21C36329FAEEA50060A3BA /* Main.storyboard */ = {
			isa = PBXVariantGroup;
			children = (
				EB21C36429FAEEA50060A3BA /* Base */,
			);
			name = Main.storyboard;
			sourceTree = "<group>";
		};
		EB21C36829FAEEA70060A3BA /* LaunchScreen.storyboard */ = {
			isa = PBXVariantGroup;
			children = (
				EB21C36929FAEEA70060A3BA /* Base */,
			);
			name = LaunchScreen.storyboard;
			sourceTree = "<group>";
		};
/* End PBXVariantGroup section */

/* Begin XCBuildConfiguration section */
		EB21C36C29FAEEA70060A3BA /* Debug */ = {
			isa = XCBuildConfiguration;
			buildSettings = {
				ALWAYS_SEARCH_USER_PATHS = NO;
				CLANG_ANALYZER_NONNULL = YES;
				CLANG_ANALYZER_NUMBER_OBJECT_CONVERSION = YES_AGGRESSIVE;
				CLANG_CXX_LANGUAGE_STANDARD = "gnu++20";
				CLANG_ENABLE_MODULES = YES;
				CLANG_ENABLE_OBJC_ARC = YES;
				CLANG_ENABLE_OBJC_WEAK = YES;
				CLANG_WARN_BLOCK_CAPTURE_AUTORELEASING = YES;
				CLANG_WARN_BOOL_CONVERSION = YES;
				CLANG_WARN_COMMA = YES;
				CLANG_WARN_CONSTANT_CONVERSION = YES;
				CLANG_WARN_DEPRECATED_OBJC_IMPLEMENTATIONS = YES;
				CLANG_WARN_DIRECT_OBJC_ISA_USAGE = YES_ERROR;
				CLANG_WARN_DOCUMENTATION_COMMENTS = YES;
				CLANG_WARN_EMPTY_BODY = YES;
				CLANG_WARN_ENUM_CONVERSION = YES;
				CLANG_WARN_INFINITE_RECURSION = YES;
				CLANG_WARN_INT_CONVERSION = YES;
				CLANG_WARN_NON_LITERAL_NULL_CONVERSION = YES;
				CLANG_WARN_OBJC_IMPLICIT_RETAIN_SELF = YES;
				CLANG_WARN_OBJC_LITERAL_CONVERSION = YES;
				CLANG_WARN_OBJC_ROOT_CLASS = YES_ERROR;
				CLANG_WARN_QUOTED_INCLUDE_IN_FRAMEWORK_HEADER = YES;
				CLANG_WARN_RANGE_LOOP_ANALYSIS = YES;
				CLANG_WARN_STRICT_PROTOTYPES = YES;
				CLANG_WARN_SUSPICIOUS_MOVE = YES;
				CLANG_WARN_UNGUARDED_AVAILABILITY = YES_AGGRESSIVE;
				CLANG_WARN_UNREACHABLE_CODE = YES;
				CLANG_WARN__DUPLICATE_METHOD_MATCH = YES;
				COPY_PHASE_STRIP = NO;
				DEBUG_INFORMATION_FORMAT = dwarf;
				ENABLE_STRICT_OBJC_MSGSEND = YES;
				ENABLE_TESTABILITY = YES;
				GCC_C_LANGUAGE_STANDARD = gnu11;
				GCC_DYNAMIC_NO_PIC = NO;
				GCC_NO_COMMON_BLOCKS = YES;
				GCC_OPTIMIZATION_LEVEL = 0;
				GCC_PREPROCESSOR_DEFINITIONS = (
					"DEBUG=1",
					"$(inherited)",
				);
				GCC_WARN_64_TO_32_BIT_CONVERSION = YES;
				GCC_WARN_ABOUT_RETURN_TYPE = YES_ERROR;
				GCC_WARN_UNDECLARED_SELECTOR = YES;
				GCC_WARN_UNINITIALIZED_AUTOS = YES_AGGRESSIVE;
				GCC_WARN_UNUSED_FUNCTION = YES;
				GCC_WARN_UNUSED_VARIABLE = YES;
				IPHONEOS_DEPLOYMENT_TARGET = 16.2;
				MTL_ENABLE_DEBUG_INFO = INCLUDE_SOURCE;
				MTL_FAST_MATH = YES;
				ONLY_ACTIVE_ARCH = YES;
				SDKROOT = iphoneos;
				SWIFT_ACTIVE_COMPILATION_CONDITIONS = DEBUG;
				SWIFT_OPTIMIZATION_LEVEL = "-Onone";
			};
			name = Debug;
		};
		EB21C36D29FAEEA70060A3BA /* Release */ = {
			isa = XCBuildConfiguration;
			buildSettings = {
				ALWAYS_SEARCH_USER_PATHS = NO;
				CLANG_ANALYZER_NONNULL = YES;
				CLANG_ANALYZER_NUMBER_OBJECT_CONVERSION = YES_AGGRESSIVE;
				CLANG_CXX_LANGUAGE_STANDARD = "gnu++20";
				CLANG_ENABLE_MODULES = YES;
				CLANG_ENABLE_OBJC_ARC = YES;
				CLANG_ENABLE_OBJC_WEAK = YES;
				CLANG_WARN_BLOCK_CAPTURE_AUTORELEASING = YES;
				CLANG_WARN_BOOL_CONVERSION = YES;
				CLANG_WARN_COMMA = YES;
				CLANG_WARN_CONSTANT_CONVERSION = YES;
				CLANG_WARN_DEPRECATED_OBJC_IMPLEMENTATIONS = YES;
				CLANG_WARN_DIRECT_OBJC_ISA_USAGE = YES_ERROR;
				CLANG_WARN_DOCUMENTATION_COMMENTS = YES;
				CLANG_WARN_EMPTY_BODY = YES;
				CLANG_WARN_ENUM_CONVERSION = YES;
				CLANG_WARN_INFINITE_RECURSION = YES;
				CLANG_WARN_INT_CONVERSION = YES;
				CLANG_WARN_NON_LITERAL_NULL_CONVERSION = YES;
				CLANG_WARN_OBJC_IMPLICIT_RETAIN_SELF = YES;
				CLANG_WARN_OBJC_LITERAL_CONVERSION = YES;
				CLANG_WARN_OBJC_ROOT_CLASS = YES_ERROR;
				CLANG_WARN_QUOTED_INCLUDE_IN_FRAMEWORK_HEADER = YES;
				CLANG_WARN_RANGE_LOOP_ANALYSIS = YES;
				CLANG_WARN_STRICT_PROTOTYPES = YES;
				CLANG_WARN_SUSPICIOUS_MOVE = YES;
				CLANG_WARN_UNGUARDED_AVAILABILITY = YES_AGGRESSIVE;
				CLANG_WARN_UNREACHABLE_CODE = YES;
				CLANG_WARN__DUPLICATE_METHOD_MATCH = YES;
				COPY_PHASE_STRIP = NO;
				DEBUG_INFORMATION_FORMAT = "dwarf-with-dsym";
				ENABLE_NS_ASSERTIONS = NO;
				ENABLE_STRICT_OBJC_MSGSEND = YES;
				GCC_C_LANGUAGE_STANDARD = gnu11;
				GCC_NO_COMMON_BLOCKS = YES;
				GCC_WARN_64_TO_32_BIT_CONVERSION = YES;
				GCC_WARN_ABOUT_RETURN_TYPE = YES_ERROR;
				GCC_WARN_UNDECLARED_SELECTOR = YES;
				GCC_WARN_UNINITIALIZED_AUTOS = YES_AGGRESSIVE;
				GCC_WARN_UNUSED_FUNCTION = YES;
				GCC_WARN_UNUSED_VARIABLE = YES;
				IPHONEOS_DEPLOYMENT_TARGET = 16.2;
				MTL_ENABLE_DEBUG_INFO = NO;
				MTL_FAST_MATH = YES;
				SDKROOT = iphoneos;
				SWIFT_COMPILATION_MODE = wholemodule;
				SWIFT_OPTIMIZATION_LEVEL = "-O";
				VALIDATE_PRODUCT = YES;
			};
			name = Release;
		};
		EB21C36F29FAEEA70060A3BA /* Debug */ = {
			isa = XCBuildConfiguration;
			baseConfigurationReference = 59746168BB84EF6B2C72BB42 /* Pods-JBecerraEcommerce.debug.xcconfig */;
			buildSettings = {
				ASSETCATALOG_COMPILER_APPICON_NAME = AppIcon;
				ASSETCATALOG_COMPILER_GLOBAL_ACCENT_COLOR_NAME = AccentColor;
				CODE_SIGN_STYLE = Automatic;
				CURRENT_PROJECT_VERSION = 1;
				DEVELOPMENT_TEAM = C7W26WRUNK;
				GENERATE_INFOPLIST_FILE = YES;
				INFOPLIST_FILE = JBecerraEcommerce/Info.plist;
				INFOPLIST_KEY_LSApplicationCategoryType = "public.app-category.finance";
				INFOPLIST_KEY_UIApplicationSupportsIndirectInputEvents = YES;
				INFOPLIST_KEY_UILaunchStoryboardName = LaunchScreen;
				INFOPLIST_KEY_UIMainStoryboardFile = Main;
				INFOPLIST_KEY_UISupportedInterfaceOrientations_iPad = "UIInterfaceOrientationPortrait UIInterfaceOrientationPortraitUpsideDown UIInterfaceOrientationLandscapeLeft UIInterfaceOrientationLandscapeRight";
				INFOPLIST_KEY_UISupportedInterfaceOrientations_iPhone = "UIInterfaceOrientationPortrait UIInterfaceOrientationLandscapeLeft UIInterfaceOrientationLandscapeRight";
				IPHONEOS_DEPLOYMENT_TARGET = 15.5;
				LD_RUNPATH_SEARCH_PATHS = (
					"$(inherited)",
					"@executable_path/Frameworks",
				);
				MARKETING_VERSION = 1.0;
				PRODUCT_BUNDLE_IDENTIFIER = com.digis.JBecerraEcommerce;
				PRODUCT_NAME = "$(TARGET_NAME)";
				SWIFT_EMIT_LOC_STRINGS = YES;
				SWIFT_VERSION = 5.0;
				TARGETED_DEVICE_FAMILY = "1,2";
			};
			name = Debug;
		};
		EB21C37029FAEEA70060A3BA /* Release */ = {
			isa = XCBuildConfiguration;
			baseConfigurationReference = 335972A494F8D8EF4860F601 /* Pods-JBecerraEcommerce.release.xcconfig */;
			buildSettings = {
				ASSETCATALOG_COMPILER_APPICON_NAME = AppIcon;
				ASSETCATALOG_COMPILER_GLOBAL_ACCENT_COLOR_NAME = AccentColor;
				CODE_SIGN_STYLE = Automatic;
				CURRENT_PROJECT_VERSION = 1;
				DEVELOPMENT_TEAM = C7W26WRUNK;
				GENERATE_INFOPLIST_FILE = YES;
				INFOPLIST_FILE = JBecerraEcommerce/Info.plist;
				INFOPLIST_KEY_LSApplicationCategoryType = "public.app-category.finance";
				INFOPLIST_KEY_UIApplicationSupportsIndirectInputEvents = YES;
				INFOPLIST_KEY_UILaunchStoryboardName = LaunchScreen;
				INFOPLIST_KEY_UIMainStoryboardFile = Main;
				INFOPLIST_KEY_UISupportedInterfaceOrientations_iPad = "UIInterfaceOrientationPortrait UIInterfaceOrientationPortraitUpsideDown UIInterfaceOrientationLandscapeLeft UIInterfaceOrientationLandscapeRight";
				INFOPLIST_KEY_UISupportedInterfaceOrientations_iPhone = "UIInterfaceOrientationPortrait UIInterfaceOrientationLandscapeLeft UIInterfaceOrientationLandscapeRight";
				IPHONEOS_DEPLOYMENT_TARGET = 15.5;
				LD_RUNPATH_SEARCH_PATHS = (
					"$(inherited)",
					"@executable_path/Frameworks",
				);
				MARKETING_VERSION = 1.0;
				PRODUCT_BUNDLE_IDENTIFIER = com.digis.JBecerraEcommerce;
				PRODUCT_NAME = "$(TARGET_NAME)";
				SWIFT_EMIT_LOC_STRINGS = YES;
				SWIFT_VERSION = 5.0;
				TARGETED_DEVICE_FAMILY = "1,2";
			};
			name = Release;
		};
/* End XCBuildConfiguration section */

/* Begin XCConfigurationList section */
		EB21C35529FAEEA50060A3BA /* Build configuration list for PBXProject "JBecerraEcommerce" */ = {
			isa = XCConfigurationList;
			buildConfigurations = (
				EB21C36C29FAEEA70060A3BA /* Debug */,
				EB21C36D29FAEEA70060A3BA /* Release */,
			);
			defaultConfigurationIsVisible = 0;
			defaultConfigurationName = Release;
		};
		EB21C36E29FAEEA70060A3BA /* Build configuration list for PBXNativeTarget "JBecerraEcommerce" */ = {
			isa = XCConfigurationList;
			buildConfigurations = (
				EB21C36F29FAEEA70060A3BA /* Debug */,
				EB21C37029FAEEA70060A3BA /* Release */,
			);
			defaultConfigurationIsVisible = 0;
			defaultConfigurationName = Release;
		};
/* End XCConfigurationList section */
	};
	rootObject = EB21C35229FAEEA50060A3BA /* Project object */;
}
